
Microsoft Visual Studio Solution File, Format Version 12.00
# Visual Studio Version 16
VisualStudioVersion = 16.0.30804.86
MinimumVisualStudioVersion = 10.0.40219.1
Project("{FAE04EC0-301F-11D3-BF4B-00C04F79EFBC}") = "RISCVE", "RISCVE.csproj", "{50D601C3-A662-47C2-A021-636767B73B13}"
EndProject
Global
	GlobalSection(SolutionConfigurationPlatforms) = preSolution
		Debug|Any CPU = Debug|Any CPU
		Release|Any CPU = Release|Any CPU
	EndGlobalSection
	GlobalSection(ProjectConfigurationPlatforms) = postSolution
		{50D601C3-A662-47C2-A021-636767B73B13}.Debug|Any CPU.ActiveCfg = Debug|Any CPU
		{50D601C3-A662-47C2-A021-636767B73B13}.Debug|Any CPU.Build.0 = Debug|Any CPU
		{50D601C3-A662-47C2-A021-636767B73B13}.Release|Any CPU.ActiveCfg = Release|Any CPU
		{50D601C3-A662-47C2-A021-636767B73B13}.Release|Any CPU.Build.0 = Release|Any CPU
	EndGlobalSection
	GlobalSection(SolutionProperties) = preSolution
		HideSolutionNode = FALSE
	EndGlobalSection
	GlobalSection(ExtensibilityGlobals) = postSolution
		SolutionGuid = {82FDA060-468A-4F98-90EE-2B1007E820E1}
	EndGlobalSection
EndGlobal
